
Microsoft Visual Studio Solution File, Format Version 12.00
# Visual Studio Version 17
VisualStudioVersion = 17.0.31919.166
MinimumVisualStudioVersion = 10.0.40219.1
Project("{FAE04EC0-301F-11D3-BF4B-00C04F79EFBC}") = "Domain.Core", "Domain.Core\Domain.Core.csproj", "{6CEE011A-75AF-447C-B178-2418241FC58E}"
EndProject
Project("{FAE04EC0-301F-11D3-BF4B-00C04F79EFBC}") = "Services", "Services\Services.csproj", "{0D692013-A4BA-4981-B707-7E97DF4662B9}"
EndProject
Project("{FAE04EC0-301F-11D3-BF4B-00C04F79EFBC}") = "Api.MedicalCenter", "Api.MedicalCenter\Api.MedicalCenter.csproj", "{98CB778B-A8C6-4141-BEB7-2CC5E95EF0B0}"
EndProject
Project("{FAE04EC0-301F-11D3-BF4B-00C04F79EFBC}") = "Api.Common", "Api.Common\Api.Common.csproj", "{BA3DB3BF-BE52-4D76-9B7D-5667E91C711A}"
EndProject
Project("{FAE04EC0-301F-11D3-BF4B-00C04F79EFBC}") = "Api.Common.UnitTests", "Api.Common.UnitTests\Api.Common.UnitTests.csproj", "{90EBB22C-EC9A-47E1-A4AC-F91821E36A2C}"
EndProject
Project("{FAE04EC0-301F-11D3-BF4B-00C04F79EFBC}") = "Api.Common.IntegrationTests", "Api.Common.IntegrationTests\Api.Common.IntegrationTests.csproj", "{F20ABD94-E534-42E6-8892-31D71841F828}"
EndProject
Project("{FAE04EC0-301F-11D3-BF4B-00C04F79EFBC}") = "Api.MedicalCenter.UnitTests", "Api.MedicalCenter.UnitTests\Api.MedicalCenter.UnitTests.csproj", "{6418A254-329A-41AC-8BF4-58F05D02C349}"
EndProject
Project("{FAE04EC0-301F-11D3-BF4B-00C04F79EFBC}") = "Api.MedicalCenter.IntegrationTests", "Api.MedicalCenter.IntegrationTests\Api.MedicalCenter.IntegrationTests.csproj", "{BDAF5881-61D0-419A-966F-6ED0E9F4ABD1}"
EndProject
Project("{FAE04EC0-301F-11D3-BF4B-00C04F79EFBC}") = "Library.Clients", "Library.Clients\Library.Clients.csproj", "{FCA37B25-2A6F-46C6-A04F-82CE9F1EB2E4}"
EndProject
Project("{FAE04EC0-301F-11D3-BF4B-00C04F79EFBC}") = "WebApp.MedicalCenter", "WebApp.MedicalCenter\WebApp.MedicalCenter.csproj", "{1993A953-4080-48E3-A0DA-3281181CB990}"
EndProject
Global
	GlobalSection(SolutionConfigurationPlatforms) = preSolution
		Debug|Any CPU = Debug|Any CPU
		Release|Any CPU = Release|Any CPU
	EndGlobalSection
	GlobalSection(ProjectConfigurationPlatforms) = postSolution
		{6CEE011A-75AF-447C-B178-2418241FC58E}.Debug|Any CPU.ActiveCfg = Debug|Any CPU
		{6CEE011A-75AF-447C-B178-2418241FC58E}.Debug|Any CPU.Build.0 = Debug|Any CPU
		{6CEE011A-75AF-447C-B178-2418241FC58E}.Release|Any CPU.ActiveCfg = Release|Any CPU
		{6CEE011A-75AF-447C-B178-2418241FC58E}.Release|Any CPU.Build.0 = Release|Any CPU
		{0D692013-A4BA-4981-B707-7E97DF4662B9}.Debug|Any CPU.ActiveCfg = Debug|Any CPU
		{0D692013-A4BA-4981-B707-7E97DF4662B9}.Debug|Any CPU.Build.0 = Debug|Any CPU
		{0D692013-A4BA-4981-B707-7E97DF4662B9}.Release|Any CPU.ActiveCfg = Release|Any CPU
		{0D692013-A4BA-4981-B707-7E97DF4662B9}.Release|Any CPU.Build.0 = Release|Any CPU
		{98CB778B-A8C6-4141-BEB7-2CC5E95EF0B0}.Debug|Any CPU.ActiveCfg = Debug|Any CPU
		{98CB778B-A8C6-4141-BEB7-2CC5E95EF0B0}.Debug|Any CPU.Build.0 = Debug|Any CPU
		{98CB778B-A8C6-4141-BEB7-2CC5E95EF0B0}.Release|Any CPU.ActiveCfg = Release|Any CPU
		{98CB778B-A8C6-4141-BEB7-2CC5E95EF0B0}.Release|Any CPU.Build.0 = Release|Any CPU
		{BA3DB3BF-BE52-4D76-9B7D-5667E91C711A}.Debug|Any CPU.ActiveCfg = Debug|Any CPU
		{BA3DB3BF-BE52-4D76-9B7D-5667E91C711A}.Debug|Any CPU.Build.0 = Debug|Any CPU
		{BA3DB3BF-BE52-4D76-9B7D-5667E91C711A}.Release|Any CPU.ActiveCfg = Release|Any CPU
		{BA3DB3BF-BE52-4D76-9B7D-5667E91C711A}.Release|Any CPU.Build.0 = Release|Any CPU
		{90EBB22C-EC9A-47E1-A4AC-F91821E36A2C}.Debug|Any CPU.ActiveCfg = Debug|Any CPU
		{90EBB22C-EC9A-47E1-A4AC-F91821E36A2C}.Debug|Any CPU.Build.0 = Debug|Any CPU
		{90EBB22C-EC9A-47E1-A4AC-F91821E36A2C}.Release|Any CPU.ActiveCfg = Release|Any CPU
		{90EBB22C-EC9A-47E1-A4AC-F91821E36A2C}.Release|Any CPU.Build.0 = Release|Any CPU
		{F20ABD94-E534-42E6-8892-31D71841F828}.Debug|Any CPU.ActiveCfg = Debug|Any CPU
		{F20ABD94-E534-42E6-8892-31D71841F828}.Debug|Any CPU.Build.0 = Debug|Any CPU
		{F20ABD94-E534-42E6-8892-31D71841F828}.Release|Any CPU.ActiveCfg = Release|Any CPU
		{F20ABD94-E534-42E6-8892-31D71841F828}.Release|Any CPU.Build.0 = Release|Any CPU
		{6418A254-329A-41AC-8BF4-58F05D02C349}.Debug|Any CPU.ActiveCfg = Debug|Any CPU
		{6418A254-329A-41AC-8BF4-58F05D02C349}.Debug|Any CPU.Build.0 = Debug|Any CPU
		{6418A254-329A-41AC-8BF4-58F05D02C349}.Release|Any CPU.ActiveCfg = Release|Any CPU
		{6418A254-329A-41AC-8BF4-58F05D02C349}.Release|Any CPU.Build.0 = Release|Any CPU
		{BDAF5881-61D0-419A-966F-6ED0E9F4ABD1}.Debug|Any CPU.ActiveCfg = Debug|Any CPU
		{BDAF5881-61D0-419A-966F-6ED0E9F4ABD1}.Debug|Any CPU.Build.0 = Debug|Any CPU
		{BDAF5881-61D0-419A-966F-6ED0E9F4ABD1}.Release|Any CPU.ActiveCfg = Release|Any CPU
		{BDAF5881-61D0-419A-966F-6ED0E9F4ABD1}.Release|Any CPU.Build.0 = Release|Any CPU
		{FCA37B25-2A6F-46C6-A04F-82CE9F1EB2E4}.Debug|Any CPU.ActiveCfg = Debug|Any CPU
		{FCA37B25-2A6F-46C6-A04F-82CE9F1EB2E4}.Debug|Any CPU.Build.0 = Debug|Any CPU
		{FCA37B25-2A6F-46C6-A04F-82CE9F1EB2E4}.Release|Any CPU.ActiveCfg = Release|Any CPU
		{FCA37B25-2A6F-46C6-A04F-82CE9F1EB2E4}.Release|Any CPU.Build.0 = Release|Any CPU
		{1993A953-4080-48E3-A0DA-3281181CB990}.Debug|Any CPU.ActiveCfg = Debug|Any CPU
		{1993A953-4080-48E3-A0DA-3281181CB990}.Debug|Any CPU.Build.0 = Debug|Any CPU
		{1993A953-4080-48E3-A0DA-3281181CB990}.Release|Any CPU.ActiveCfg = Release|Any CPU
		{1993A953-4080-48E3-A0DA-3281181CB990}.Release|Any CPU.Build.0 = Release|Any CPU
	EndGlobalSection
	GlobalSection(SolutionProperties) = preSolution
		HideSolutionNode = FALSE
	EndGlobalSection
	GlobalSection(ExtensibilityGlobals) = postSolution
		SolutionGuid = {287A3C96-FC4D-47B1-BFEF-5F4AAF19A85D}
	EndGlobalSection
EndGlobal
