
Microsoft Visual Studio Solution File, Format Version 12.00
# Visual Studio Version 17
VisualStudioVersion = 17.0.31919.166
MinimumVisualStudioVersion = 10.0.40219.1
Project("{FAE04EC0-301F-11D3-BF4B-00C04F79EFBC}") = "Domain.Core", "Domain.Core\Domain.Core.csproj", "{6CEE011A-75AF-447C-B178-2418241FC58E}"
EndProject
Project("{FAE04EC0-301F-11D3-BF4B-00C04F79EFBC}") = "Services", "Services\Services.csproj", "{0D692013-A4BA-4981-B707-7E97DF4662B9}"
EndProject
Project("{FAE04EC0-301F-11D3-BF4B-00C04F79EFBC}") = "Api.MedicalCenter", "Api.MedicalCenter\Api.MedicalCenter.csproj", "{98CB778B-A8C6-4141-BEB7-2CC5E95EF0B0}"
EndProject
Project("{FAE04EC0-301F-11D3-BF4B-00C04F79EFBC}") = "Api.Common", "Api.Common\Api.Common.csproj", "{BA3DB3BF-BE52-4D76-9B7D-5667E91C711A}"
EndProject
Global
	GlobalSection(SolutionConfigurationPlatforms) = preSolution
		Debug|Any CPU = Debug|Any CPU
		Release|Any CPU = Release|Any CPU
	EndGlobalSection
	GlobalSection(ProjectConfigurationPlatforms) = postSolution
		{6CEE011A-75AF-447C-B178-2418241FC58E}.Debug|Any CPU.ActiveCfg = Debug|Any CPU
		{6CEE011A-75AF-447C-B178-2418241FC58E}.Debug|Any CPU.Build.0 = Debug|Any CPU
		{6CEE011A-75AF-447C-B178-2418241FC58E}.Release|Any CPU.ActiveCfg = Release|Any CPU
		{6CEE011A-75AF-447C-B178-2418241FC58E}.Release|Any CPU.Build.0 = Release|Any CPU
		{0D692013-A4BA-4981-B707-7E97DF4662B9}.Debug|Any CPU.ActiveCfg = Debug|Any CPU
		{0D692013-A4BA-4981-B707-7E97DF4662B9}.Debug|Any CPU.Build.0 = Debug|Any CPU
		{0D692013-A4BA-4981-B707-7E97DF4662B9}.Release|Any CPU.ActiveCfg = Release|Any CPU
		{0D692013-A4BA-4981-B707-7E97DF4662B9}.Release|Any CPU.Build.0 = Release|Any CPU
		{98CB778B-A8C6-4141-BEB7-2CC5E95EF0B0}.Debug|Any CPU.ActiveCfg = Debug|Any CPU
		{98CB778B-A8C6-4141-BEB7-2CC5E95EF0B0}.Debug|Any CPU.Build.0 = Debug|Any CPU
		{98CB778B-A8C6-4141-BEB7-2CC5E95EF0B0}.Release|Any CPU.ActiveCfg = Release|Any CPU
		{98CB778B-A8C6-4141-BEB7-2CC5E95EF0B0}.Release|Any CPU.Build.0 = Release|Any CPU
		{BA3DB3BF-BE52-4D76-9B7D-5667E91C711A}.Debug|Any CPU.ActiveCfg = Debug|Any CPU
		{BA3DB3BF-BE52-4D76-9B7D-5667E91C711A}.Debug|Any CPU.Build.0 = Debug|Any CPU
		{BA3DB3BF-BE52-4D76-9B7D-5667E91C711A}.Release|Any CPU.ActiveCfg = Release|Any CPU
		{BA3DB3BF-BE52-4D76-9B7D-5667E91C711A}.Release|Any CPU.Build.0 = Release|Any CPU
	EndGlobalSection
	GlobalSection(SolutionProperties) = preSolution
		HideSolutionNode = FALSE
	EndGlobalSection
	GlobalSection(ExtensibilityGlobals) = postSolution
		SolutionGuid = {287A3C96-FC4D-47B1-BFEF-5F4AAF19A85D}
	EndGlobalSection
EndGlobal
